
Microsoft Visual Studio Solution File, Format Version 12.00
# Visual Studio 15
VisualStudioVersion = 15.0.28307.1525
MinimumVisualStudioVersion = 10.0.40219.1
Project("{FAE04EC0-301F-11D3-BF4B-00C04F79EFBC}") = "CoreAndFood", "CoreAndFood\CoreAndFood.csproj", "{F214CF7E-A95B-4155-8708-BC8537143BE1}"
EndProject
Global
	GlobalSection(SolutionConfigurationPlatforms) = preSolution
		Debug|Any CPU = Debug|Any CPU
		Release|Any CPU = Release|Any CPU
	EndGlobalSection
	GlobalSection(ProjectConfigurationPlatforms) = postSolution
		{F214CF7E-A95B-4155-8708-BC8537143BE1}.Debug|Any CPU.ActiveCfg = Debug|Any CPU
		{F214CF7E-A95B-4155-8708-BC8537143BE1}.Debug|Any CPU.Build.0 = Debug|Any CPU
		{F214CF7E-A95B-4155-8708-BC8537143BE1}.Release|Any CPU.ActiveCfg = Release|Any CPU
		{F214CF7E-A95B-4155-8708-BC8537143BE1}.Release|Any CPU.Build.0 = Release|Any CPU
	EndGlobalSection
	GlobalSection(SolutionProperties) = preSolution
		HideSolutionNode = FALSE
	EndGlobalSection
	GlobalSection(ExtensibilityGlobals) = postSolution
		SolutionGuid = {58B210CF-7376-4E12-A2B1-6D97CBD36E67}
	EndGlobalSection
EndGlobal
